
Microsoft Visual Studio Solution File, Format Version 12.00
# Visual Studio Version 17
VisualStudioVersion = 17.5.33627.172
MinimumVisualStudioVersion = 10.0.40219.1
Project("{FAE04EC0-301F-11D3-BF4B-00C04F79EFBC}") = "net HESAPLAMA", "net HESAPLAMA\net HESAPLAMA.csproj", "{23F51A23-443D-4DD0-98E6-0147E4E5FB90}"
EndProject
Global
	GlobalSection(SolutionConfigurationPlatforms) = preSolution
		Debug|Any CPU = Debug|Any CPU
		Release|Any CPU = Release|Any CPU
	EndGlobalSection
	GlobalSection(ProjectConfigurationPlatforms) = postSolution
		{23F51A23-443D-4DD0-98E6-0147E4E5FB90}.Debug|Any CPU.ActiveCfg = Debug|Any CPU
		{23F51A23-443D-4DD0-98E6-0147E4E5FB90}.Debug|Any CPU.Build.0 = Debug|Any CPU
		{23F51A23-443D-4DD0-98E6-0147E4E5FB90}.Release|Any CPU.ActiveCfg = Release|Any CPU
		{23F51A23-443D-4DD0-98E6-0147E4E5FB90}.Release|Any CPU.Build.0 = Release|Any CPU
	EndGlobalSection
	GlobalSection(SolutionProperties) = preSolution
		HideSolutionNode = FALSE
	EndGlobalSection
	GlobalSection(ExtensibilityGlobals) = postSolution
		SolutionGuid = {F4BC011A-DDC6-4670-BB01-1F9E0B581278}
	EndGlobalSection
EndGlobal
